
Microsoft Visual Studio Solution File, Format Version 12.00
# Visual Studio 15
VisualStudioVersion = 15.0.28307.271
MinimumVisualStudioVersion = 10.0.40219.1
Project("{8BC9CEB8-8B4A-11D0-8D11-00A0C91BC942}") = "BehaviorTree", "BehaviorTree.vcxproj", "{883373D4-F0C6-4944-831D-0A648A0E8B1A}"
EndProject
Global
	GlobalSection(SolutionConfigurationPlatforms) = preSolution
		Debug|x64 = Debug|x64
		Debug|x86 = Debug|x86
		Release|x64 = Release|x64
		Release|x86 = Release|x86
	EndGlobalSection
	GlobalSection(ProjectConfigurationPlatforms) = postSolution
		{883373D4-F0C6-4944-831D-0A648A0E8B1A}.Debug|x64.ActiveCfg = Debug|x64
		{883373D4-F0C6-4944-831D-0A648A0E8B1A}.Debug|x64.Build.0 = Debug|x64
		{883373D4-F0C6-4944-831D-0A648A0E8B1A}.Debug|x86.ActiveCfg = Debug|Win32
		{883373D4-F0C6-4944-831D-0A648A0E8B1A}.Debug|x86.Build.0 = Debug|Win32
		{883373D4-F0C6-4944-831D-0A648A0E8B1A}.Release|x64.ActiveCfg = Release|x64
		{883373D4-F0C6-4944-831D-0A648A0E8B1A}.Release|x64.Build.0 = Release|x64
		{883373D4-F0C6-4944-831D-0A648A0E8B1A}.Release|x86.ActiveCfg = Release|Win32
		{883373D4-F0C6-4944-831D-0A648A0E8B1A}.Release|x86.Build.0 = Release|Win32
	EndGlobalSection
	GlobalSection(SolutionProperties) = preSolution
		HideSolutionNode = FALSE
	EndGlobalSection
	GlobalSection(ExtensibilityGlobals) = postSolution
		SolutionGuid = {5EEF4114-9A53-4EDC-B89B-DD35DE99A47D}
	EndGlobalSection
EndGlobal
